
Microsoft Visual Studio Solution File, Format Version 12.00
# Visual Studio Version 17
VisualStudioVersion = 17.4.33205.214
MinimumVisualStudioVersion = 10.0.40219.1
Project("{FAE04EC0-301F-11D3-BF4B-00C04F79EFBC}") = "Desafio-Final-Curso-CSharp-VendedorDeTienda", "Desafio-Final-Curso-CSharp-VendedorDeTienda\Desafio-Final-Curso-CSharp-VendedorDeTienda.csproj", "{A53B1621-EACC-46D7-A837-59AE4CB07670}"
EndProject
Global
	GlobalSection(SolutionConfigurationPlatforms) = preSolution
		Debug|Any CPU = Debug|Any CPU
		Release|Any CPU = Release|Any CPU
	EndGlobalSection
	GlobalSection(ProjectConfigurationPlatforms) = postSolution
		{A53B1621-EACC-46D7-A837-59AE4CB07670}.Debug|Any CPU.ActiveCfg = Debug|Any CPU
		{A53B1621-EACC-46D7-A837-59AE4CB07670}.Debug|Any CPU.Build.0 = Debug|Any CPU
		{A53B1621-EACC-46D7-A837-59AE4CB07670}.Release|Any CPU.ActiveCfg = Release|Any CPU
		{A53B1621-EACC-46D7-A837-59AE4CB07670}.Release|Any CPU.Build.0 = Release|Any CPU
	EndGlobalSection
	GlobalSection(SolutionProperties) = preSolution
		HideSolutionNode = FALSE
	EndGlobalSection
	GlobalSection(ExtensibilityGlobals) = postSolution
		SolutionGuid = {1A0C83EE-E725-4477-B066-78FBAA3BAD78}
	EndGlobalSection
EndGlobal
